
Microsoft Visual Studio Solution File, Format Version 12.00
# Visual Studio 15
VisualStudioVersion = 15.0.27703.2035
MinimumVisualStudioVersion = 10.0.40219.1
Project("{FAE04EC0-301F-11D3-BF4B-00C04F79EFBC}") = "Cities", "Cities\Cities.csproj", "{9EEA2A28-0280-4A9E-8300-4BC6590090CA}"
EndProject
Project("{FAE04EC0-301F-11D3-BF4B-00C04F79EFBC}") = "Cities_Tests", "Cities_Tests\Cities_Tests.csproj", "{3666F04F-E173-4AE4-BBF6-4B01D5F0AA37}"
EndProject
Global
	GlobalSection(SolutionConfigurationPlatforms) = preSolution
		Debug|Any CPU = Debug|Any CPU
		Release|Any CPU = Release|Any CPU
	EndGlobalSection
	GlobalSection(ProjectConfigurationPlatforms) = postSolution
		{9EEA2A28-0280-4A9E-8300-4BC6590090CA}.Debug|Any CPU.ActiveCfg = Debug|Any CPU
		{9EEA2A28-0280-4A9E-8300-4BC6590090CA}.Debug|Any CPU.Build.0 = Debug|Any CPU
		{9EEA2A28-0280-4A9E-8300-4BC6590090CA}.Release|Any CPU.ActiveCfg = Release|Any CPU
		{9EEA2A28-0280-4A9E-8300-4BC6590090CA}.Release|Any CPU.Build.0 = Release|Any CPU
		{3666F04F-E173-4AE4-BBF6-4B01D5F0AA37}.Debug|Any CPU.ActiveCfg = Debug|Any CPU
		{3666F04F-E173-4AE4-BBF6-4B01D5F0AA37}.Debug|Any CPU.Build.0 = Debug|Any CPU
		{3666F04F-E173-4AE4-BBF6-4B01D5F0AA37}.Release|Any CPU.ActiveCfg = Release|Any CPU
		{3666F04F-E173-4AE4-BBF6-4B01D5F0AA37}.Release|Any CPU.Build.0 = Release|Any CPU
	EndGlobalSection
	GlobalSection(SolutionProperties) = preSolution
		HideSolutionNode = FALSE
	EndGlobalSection
	GlobalSection(ExtensibilityGlobals) = postSolution
		SolutionGuid = {D125EA4A-AE71-4964-A371-895457A58BAE}
	EndGlobalSection
EndGlobal
